
Microsoft Visual Studio Solution File, Format Version 12.00
# Visual Studio Version 16
VisualStudioVersion = 16.0.31829.152
MinimumVisualStudioVersion = 10.0.40219.1
Project("{FAE04EC0-301F-11D3-BF4B-00C04F79EFBC}") = "Contact Tracing", "Contact Tracing\Contact Tracing.csproj", "{EACE258C-D13E-47CE-8FB1-166EA39F2F1A}"
EndProject
Global
	GlobalSection(SolutionConfigurationPlatforms) = preSolution
		Debug|Any CPU = Debug|Any CPU
		Release|Any CPU = Release|Any CPU
	EndGlobalSection
	GlobalSection(ProjectConfigurationPlatforms) = postSolution
		{EACE258C-D13E-47CE-8FB1-166EA39F2F1A}.Debug|Any CPU.ActiveCfg = Debug|Any CPU
		{EACE258C-D13E-47CE-8FB1-166EA39F2F1A}.Debug|Any CPU.Build.0 = Debug|Any CPU
		{EACE258C-D13E-47CE-8FB1-166EA39F2F1A}.Release|Any CPU.ActiveCfg = Release|Any CPU
		{EACE258C-D13E-47CE-8FB1-166EA39F2F1A}.Release|Any CPU.Build.0 = Release|Any CPU
	EndGlobalSection
	GlobalSection(SolutionProperties) = preSolution
		HideSolutionNode = FALSE
	EndGlobalSection
	GlobalSection(ExtensibilityGlobals) = postSolution
		SolutionGuid = {DE5E38B7-999C-420A-9F30-F93BC8223A61}
	EndGlobalSection
EndGlobal
